
Microsoft Visual Studio Solution File, Format Version 12.00
# Visual Studio Version 17
VisualStudioVersion = 17.6.33723.286
MinimumVisualStudioVersion = 10.0.40219.1
Project("{9A19103F-16F7-4668-BE54-9A1E7A4F7556}") = "GamaLearn.LMS.API", "LMS.API\GamaLearn.LMS.API.csproj", "{67B66D75-57E2-4623-9B39-83F30518000D}"
EndProject
Project("{2150E333-8FDC-42A3-9474-1A3956D46DE8}") = "Library Managment System", "Library Managment System", "{4FD223F8-9108-4FD8-BC2F-050C5B80F830}"
	ProjectSection(SolutionItems) = preProject
		..\..\README.md = ..\..\README.md
	EndProjectSection
EndProject
Project("{2150E333-8FDC-42A3-9474-1A3956D46DE8}") = "API", "API", "{A167B99C-BD41-46DA-AF64-43216A62C937}"
EndProject
Project("{2150E333-8FDC-42A3-9474-1A3956D46DE8}") = "Business", "Business", "{778C3A2B-E038-4236-9018-E1B855113585}"
EndProject
Project("{2150E333-8FDC-42A3-9474-1A3956D46DE8}") = "Domain", "Domain", "{677BE72B-4D41-40A3-8542-B805012F1458}"
EndProject
Project("{2150E333-8FDC-42A3-9474-1A3956D46DE8}") = "Infrastructure", "Infrastructure", "{1473A6E9-0EC0-4C1A-89BD-DC451A347A12}"
EndProject
Project("{9A19103F-16F7-4668-BE54-9A1E7A4F7556}") = "GamaLearn.LMS.Services", "..\..\Business\LMS.Services\GamaLearn.LMS.Services.csproj", "{BA5255EA-FE2A-46AB-9868-1D76A2E2E02D}"
EndProject
Project("{9A19103F-16F7-4668-BE54-9A1E7A4F7556}") = "GamaLearn.LMS.Services.Interfaces", "..\..\Business\LMS.Services.Interfaces\GamaLearn.LMS.Services.Interfaces.csproj", "{E91D1406-33E5-4461-8E9F-08C3396269D2}"
EndProject
Project("{9A19103F-16F7-4668-BE54-9A1E7A4F7556}") = "GamaLearn.LMS.DataAccess", "..\..\Infrastructure\LMS.DataAccessLayer\GamaLearn.LMS.DataAccess.csproj", "{FCD83631-0C52-42DE-ADD9-C9CBDB3FEAC0}"
EndProject
Project("{9A19103F-16F7-4668-BE54-9A1E7A4F7556}") = "GamaLearn.LMS.DataAccess.Interfaces", "..\..\Infrastructure\LMS.DataAccessLayer.Interfaces\GamaLearn.LMS.DataAccess.Interfaces.csproj", "{BC027FC5-541D-40F0-98AB-028949C1A4F7}"
EndProject
Project("{9A19103F-16F7-4668-BE54-9A1E7A4F7556}") = "GamaLearn.LMS.Content", "..\..\Domain\LMS.Content\GamaLearn.LMS.Content.csproj", "{8C2DA403-87B8-4FDF-BF37-B4FFEB33E866}"
EndProject
Project("{9A19103F-16F7-4668-BE54-9A1E7A4F7556}") = "GamaLearn.LMS.Helpers", "..\..\Domain\LMS.Helpers\GamaLearn.LMS.Helpers.csproj", "{8E7A4505-5507-432F-91CD-B4CB6F33EF12}"
EndProject
Project("{9A19103F-16F7-4668-BE54-9A1E7A4F7556}") = "GamaLearn.LMS.Models", "..\..\Domain\LMS.Models\GamaLearn.LMS.Models.csproj", "{AF514C90-F2A8-427A-BECC-91FE6DD0380B}"
EndProject
Project("{9A19103F-16F7-4668-BE54-9A1E7A4F7556}") = "GamaLearn.LMS.Domain", "..\..\Domain\LMS.Domain\GamaLearn.LMS.Domain.csproj", "{D5C8C439-98B6-4FF1-8B9D-1D9314718621}"
EndProject
Project("{2150E333-8FDC-42A3-9474-1A3956D46DE8}") = "Tests", "Tests", "{14C8D24E-4333-444F-8757-A80A8FE0271E}"
EndProject
Project("{9A19103F-16F7-4668-BE54-9A1E7A4F7556}") = "GamaLearn.LMS.UnitTests", "..\..\Tests\GamaLearn.LMS.UnitTets\GamaLearn.LMS.UnitTests.csproj", "{B9F0E23E-CA05-4B6F-A6C7-8A679CA963DD}"
EndProject
Global
	GlobalSection(SolutionConfigurationPlatforms) = preSolution
		Debug|Any CPU = Debug|Any CPU
		Release|Any CPU = Release|Any CPU
	EndGlobalSection
	GlobalSection(ProjectConfigurationPlatforms) = postSolution
		{67B66D75-57E2-4623-9B39-83F30518000D}.Debug|Any CPU.ActiveCfg = Debug|Any CPU
		{67B66D75-57E2-4623-9B39-83F30518000D}.Debug|Any CPU.Build.0 = Debug|Any CPU
		{67B66D75-57E2-4623-9B39-83F30518000D}.Release|Any CPU.ActiveCfg = Release|Any CPU
		{67B66D75-57E2-4623-9B39-83F30518000D}.Release|Any CPU.Build.0 = Release|Any CPU
		{BA5255EA-FE2A-46AB-9868-1D76A2E2E02D}.Debug|Any CPU.ActiveCfg = Debug|Any CPU
		{BA5255EA-FE2A-46AB-9868-1D76A2E2E02D}.Debug|Any CPU.Build.0 = Debug|Any CPU
		{BA5255EA-FE2A-46AB-9868-1D76A2E2E02D}.Release|Any CPU.ActiveCfg = Release|Any CPU
		{BA5255EA-FE2A-46AB-9868-1D76A2E2E02D}.Release|Any CPU.Build.0 = Release|Any CPU
		{E91D1406-33E5-4461-8E9F-08C3396269D2}.Debug|Any CPU.ActiveCfg = Debug|Any CPU
		{E91D1406-33E5-4461-8E9F-08C3396269D2}.Debug|Any CPU.Build.0 = Debug|Any CPU
		{E91D1406-33E5-4461-8E9F-08C3396269D2}.Release|Any CPU.ActiveCfg = Release|Any CPU
		{E91D1406-33E5-4461-8E9F-08C3396269D2}.Release|Any CPU.Build.0 = Release|Any CPU
		{FCD83631-0C52-42DE-ADD9-C9CBDB3FEAC0}.Debug|Any CPU.ActiveCfg = Debug|Any CPU
		{FCD83631-0C52-42DE-ADD9-C9CBDB3FEAC0}.Debug|Any CPU.Build.0 = Debug|Any CPU
		{FCD83631-0C52-42DE-ADD9-C9CBDB3FEAC0}.Release|Any CPU.ActiveCfg = Release|Any CPU
		{FCD83631-0C52-42DE-ADD9-C9CBDB3FEAC0}.Release|Any CPU.Build.0 = Release|Any CPU
		{BC027FC5-541D-40F0-98AB-028949C1A4F7}.Debug|Any CPU.ActiveCfg = Debug|Any CPU
		{BC027FC5-541D-40F0-98AB-028949C1A4F7}.Debug|Any CPU.Build.0 = Debug|Any CPU
		{BC027FC5-541D-40F0-98AB-028949C1A4F7}.Release|Any CPU.ActiveCfg = Release|Any CPU
		{BC027FC5-541D-40F0-98AB-028949C1A4F7}.Release|Any CPU.Build.0 = Release|Any CPU
		{8C2DA403-87B8-4FDF-BF37-B4FFEB33E866}.Debug|Any CPU.ActiveCfg = Debug|Any CPU
		{8C2DA403-87B8-4FDF-BF37-B4FFEB33E866}.Debug|Any CPU.Build.0 = Debug|Any CPU
		{8C2DA403-87B8-4FDF-BF37-B4FFEB33E866}.Release|Any CPU.ActiveCfg = Release|Any CPU
		{8C2DA403-87B8-4FDF-BF37-B4FFEB33E866}.Release|Any CPU.Build.0 = Release|Any CPU
		{8E7A4505-5507-432F-91CD-B4CB6F33EF12}.Debug|Any CPU.ActiveCfg = Debug|Any CPU
		{8E7A4505-5507-432F-91CD-B4CB6F33EF12}.Debug|Any CPU.Build.0 = Debug|Any CPU
		{8E7A4505-5507-432F-91CD-B4CB6F33EF12}.Release|Any CPU.ActiveCfg = Release|Any CPU
		{8E7A4505-5507-432F-91CD-B4CB6F33EF12}.Release|Any CPU.Build.0 = Release|Any CPU
		{AF514C90-F2A8-427A-BECC-91FE6DD0380B}.Debug|Any CPU.ActiveCfg = Debug|Any CPU
		{AF514C90-F2A8-427A-BECC-91FE6DD0380B}.Debug|Any CPU.Build.0 = Debug|Any CPU
		{AF514C90-F2A8-427A-BECC-91FE6DD0380B}.Release|Any CPU.ActiveCfg = Release|Any CPU
		{AF514C90-F2A8-427A-BECC-91FE6DD0380B}.Release|Any CPU.Build.0 = Release|Any CPU
		{D5C8C439-98B6-4FF1-8B9D-1D9314718621}.Debug|Any CPU.ActiveCfg = Debug|Any CPU
		{D5C8C439-98B6-4FF1-8B9D-1D9314718621}.Debug|Any CPU.Build.0 = Debug|Any CPU
		{D5C8C439-98B6-4FF1-8B9D-1D9314718621}.Release|Any CPU.ActiveCfg = Release|Any CPU
		{D5C8C439-98B6-4FF1-8B9D-1D9314718621}.Release|Any CPU.Build.0 = Release|Any CPU
		{B9F0E23E-CA05-4B6F-A6C7-8A679CA963DD}.Debug|Any CPU.ActiveCfg = Debug|Any CPU
		{B9F0E23E-CA05-4B6F-A6C7-8A679CA963DD}.Debug|Any CPU.Build.0 = Debug|Any CPU
		{B9F0E23E-CA05-4B6F-A6C7-8A679CA963DD}.Release|Any CPU.ActiveCfg = Release|Any CPU
		{B9F0E23E-CA05-4B6F-A6C7-8A679CA963DD}.Release|Any CPU.Build.0 = Release|Any CPU
	EndGlobalSection
	GlobalSection(SolutionProperties) = preSolution
		HideSolutionNode = FALSE
	EndGlobalSection
	GlobalSection(NestedProjects) = preSolution
		{67B66D75-57E2-4623-9B39-83F30518000D} = {A167B99C-BD41-46DA-AF64-43216A62C937}
		{A167B99C-BD41-46DA-AF64-43216A62C937} = {4FD223F8-9108-4FD8-BC2F-050C5B80F830}
		{778C3A2B-E038-4236-9018-E1B855113585} = {4FD223F8-9108-4FD8-BC2F-050C5B80F830}
		{677BE72B-4D41-40A3-8542-B805012F1458} = {4FD223F8-9108-4FD8-BC2F-050C5B80F830}
		{1473A6E9-0EC0-4C1A-89BD-DC451A347A12} = {4FD223F8-9108-4FD8-BC2F-050C5B80F830}
		{BA5255EA-FE2A-46AB-9868-1D76A2E2E02D} = {778C3A2B-E038-4236-9018-E1B855113585}
		{E91D1406-33E5-4461-8E9F-08C3396269D2} = {778C3A2B-E038-4236-9018-E1B855113585}
		{FCD83631-0C52-42DE-ADD9-C9CBDB3FEAC0} = {1473A6E9-0EC0-4C1A-89BD-DC451A347A12}
		{BC027FC5-541D-40F0-98AB-028949C1A4F7} = {1473A6E9-0EC0-4C1A-89BD-DC451A347A12}
		{8C2DA403-87B8-4FDF-BF37-B4FFEB33E866} = {677BE72B-4D41-40A3-8542-B805012F1458}
		{8E7A4505-5507-432F-91CD-B4CB6F33EF12} = {677BE72B-4D41-40A3-8542-B805012F1458}
		{AF514C90-F2A8-427A-BECC-91FE6DD0380B} = {677BE72B-4D41-40A3-8542-B805012F1458}
		{D5C8C439-98B6-4FF1-8B9D-1D9314718621} = {677BE72B-4D41-40A3-8542-B805012F1458}
		{14C8D24E-4333-444F-8757-A80A8FE0271E} = {4FD223F8-9108-4FD8-BC2F-050C5B80F830}
		{B9F0E23E-CA05-4B6F-A6C7-8A679CA963DD} = {14C8D24E-4333-444F-8757-A80A8FE0271E}
	EndGlobalSection
	GlobalSection(ExtensibilityGlobals) = postSolution
		SolutionGuid = {15F9CF5F-5377-4214-BC38-3221FD7D5944}
	EndGlobalSection
EndGlobal
